
Microsoft Visual Studio Solution File, Format Version 12.00
# Visual Studio Version 17
VisualStudioVersion = 17.11.35312.102
MinimumVisualStudioVersion = 10.0.40219.1
Project("{FAE04EC0-301F-11D3-BF4B-00C04F79EFBC}") = "PlantCareBackEnd", "PlantCareBackEnd.csproj", "{2345B167-5521-48D5-8ABE-30688761C7D0}"
EndProject
Project("{FAE04EC0-301F-11D3-BF4B-00C04F79EFBC}") = "PlantCareApiTests", "..\PlantCareApiTests\PlantCareApiTests.csproj", "{F55FDDC7-A626-4645-B6BD-B381377AAA89}"
EndProject
Global
	GlobalSection(SolutionConfigurationPlatforms) = preSolution
		Debug|Any CPU = Debug|Any CPU
		Release|Any CPU = Release|Any CPU
	EndGlobalSection
	GlobalSection(ProjectConfigurationPlatforms) = postSolution
		{2345B167-5521-48D5-8ABE-30688761C7D0}.Debug|Any CPU.ActiveCfg = Debug|Any CPU
		{2345B167-5521-48D5-8ABE-30688761C7D0}.Debug|Any CPU.Build.0 = Debug|Any CPU
		{2345B167-5521-48D5-8ABE-30688761C7D0}.Release|Any CPU.ActiveCfg = Release|Any CPU
		{2345B167-5521-48D5-8ABE-30688761C7D0}.Release|Any CPU.Build.0 = Release|Any CPU
		{F55FDDC7-A626-4645-B6BD-B381377AAA89}.Debug|Any CPU.ActiveCfg = Debug|Any CPU
		{F55FDDC7-A626-4645-B6BD-B381377AAA89}.Debug|Any CPU.Build.0 = Debug|Any CPU
		{F55FDDC7-A626-4645-B6BD-B381377AAA89}.Release|Any CPU.ActiveCfg = Release|Any CPU
		{F55FDDC7-A626-4645-B6BD-B381377AAA89}.Release|Any CPU.Build.0 = Release|Any CPU
	EndGlobalSection
	GlobalSection(SolutionProperties) = preSolution
		HideSolutionNode = FALSE
	EndGlobalSection
	GlobalSection(ExtensibilityGlobals) = postSolution
		SolutionGuid = {488BA256-E2E1-4741-8B97-4B78D83403C1}
	EndGlobalSection
EndGlobal
